
Microsoft Visual Studio Solution File, Format Version 12.00
# Visual Studio Version 16
VisualStudioVersion = 16.0.30621.155
MinimumVisualStudioVersion = 10.0.40219.1
Project("{2150E333-8FDC-42A3-9474-1A3956D46DE8}") = "src", "src", "{D13082AF-EF08-49D6-A716-909D22BFE9CB}"
EndProject
Project("{2150E333-8FDC-42A3-9474-1A3956D46DE8}") = "Building Blocks", "Building Blocks", "{6A9950FB-03F6-43EE-9F13-73CB78A38B69}"
EndProject
Project("{2150E333-8FDC-42A3-9474-1A3956D46DE8}") = "Services", "Services", "{C2BA7845-AC5E-4E3A-998D-140561DFF114}"
EndProject
Project("{2150E333-8FDC-42A3-9474-1A3956D46DE8}") = "Web", "Web", "{AD0F2D07-1E17-44B9-B2DB-5CF6779BEE33}"
EndProject
Project("{2150E333-8FDC-42A3-9474-1A3956D46DE8}") = "Identidade", "Identidade", "{D287E500-510F-4FD3-8B1E-63DCA500AF45}"
EndProject
Project("{9A19103F-16F7-4668-BE54-9A1E7A4F7556}") = "NSE.Identidade.API", "src\services\NSE.Identidade.API\NSE.Identidade.API.csproj", "{D793B44F-FE5C-4824-9792-09D342FCBD3C}"
EndProject
Project("{2150E333-8FDC-42A3-9474-1A3956D46DE8}") = "MVC", "MVC", "{B52D5EEA-026A-4FD3-8249-82E7310384C4}"
EndProject
Project("{9A19103F-16F7-4668-BE54-9A1E7A4F7556}") = "NSE.WebApp.MVC", "src\web\NSE.WebApp.MVC\NSE.WebApp.MVC.csproj", "{46B4EA52-7AA0-4512-A011-2EA008EFAE9A}"
EndProject
Project("{2150E333-8FDC-42A3-9474-1A3956D46DE8}") = "Core", "Core", "{718BC868-CF6E-4049-B58A-E7A0F11C201A}"
EndProject
Project("{9A19103F-16F7-4668-BE54-9A1E7A4F7556}") = "NSE.Core", "src\building blocks\NSE.Core\NSE.Core.csproj", "{094FF1AB-F170-46FC-A2A5-2D380F746105}"
EndProject
Project("{2150E333-8FDC-42A3-9474-1A3956D46DE8}") = "Carrinho", "Carrinho", "{2022AB63-D390-42E6-85E5-6E5BC50BC3AC}"
EndProject
Project("{9A19103F-16F7-4668-BE54-9A1E7A4F7556}") = "NSE.Carrinho.API", "src\services\NSE.Carrinho.API\NSE.Carrinho.API.csproj", "{C3476BC4-62E8-4AE2-92F7-CE3E65458DF1}"
EndProject
Project("{2150E333-8FDC-42A3-9474-1A3956D46DE8}") = "Catalogo", "Catalogo", "{05E795EB-1139-4648-8E89-E5FBF23DF60A}"
EndProject
Project("{9A19103F-16F7-4668-BE54-9A1E7A4F7556}") = "NSE.Catalogo.API", "src\services\NSE.Catalogo.API\NSE.Catalogo.API.csproj", "{9E267C99-9A7F-4896-9764-AC8FC48A97D0}"
EndProject
Project("{2150E333-8FDC-42A3-9474-1A3956D46DE8}") = "Cliente", "Cliente", "{4C622135-CF52-49C3-BE0A-4782459FC55E}"
EndProject
Project("{2150E333-8FDC-42A3-9474-1A3956D46DE8}") = "Pagamento", "Pagamento", "{53C69265-0FB4-4C2F-8323-3585F9EB5188}"
EndProject
Project("{9A19103F-16F7-4668-BE54-9A1E7A4F7556}") = "NSE.Pagamento.API", "src\services\NSE.Pagamento.API\NSE.Pagamento.API.csproj", "{58F071F9-A258-4C4B-B3A3-A231D5DB7D90}"
EndProject
Project("{2150E333-8FDC-42A3-9474-1A3956D46DE8}") = "Pedido", "Pedido", "{BCF95EDB-59CB-473B-A709-18C9B1D78564}"
EndProject
Project("{9A19103F-16F7-4668-BE54-9A1E7A4F7556}") = "NSE.Pedido.API", "src\services\NSE.Pedido.API\NSE.Pedido.API.csproj", "{471962AE-47C3-4C19-8F82-9A5926557537}"
EndProject
Project("{2150E333-8FDC-42A3-9474-1A3956D46DE8}") = "Services", "Services", "{C3A0A79D-3285-4136-A9E3-B341B48114D3}"
EndProject
Project("{9A19103F-16F7-4668-BE54-9A1E7A4F7556}") = "NSE.WebAPI.Core", "src\building blocks\NSE.WebAPI.Core\NSE.WebAPI.Core.csproj", "{FF8BDB8C-0957-468A-93D7-66E4B51BE907}"
EndProject
Project("{9A19103F-16F7-4668-BE54-9A1E7A4F7556}") = "NSE.Clientes.API", "src\services\NSE.Clientes.API\NSE.Clientes.API.csproj", "{23402033-A2AD-448B-B108-96C229201A24}"
EndProject
Project("{2150E333-8FDC-42A3-9474-1A3956D46DE8}") = "MessageBus", "MessageBus", "{58B58C22-B6DB-4A6D-A315-1558CBA7EFA6}"
EndProject
Project("{FAE04EC0-301F-11D3-BF4B-00C04F79EFBC}") = "NSE.MessageBus", "src\building blocks\NSE.MessageBus\NSE.MessageBus.csproj", "{9FAE0AC0-8055-4018-A2C4-7E47D54C87C6}"
EndProject
Global
	GlobalSection(SolutionConfigurationPlatforms) = preSolution
		Debug|Any CPU = Debug|Any CPU
		Release|Any CPU = Release|Any CPU
	EndGlobalSection
	GlobalSection(ProjectConfigurationPlatforms) = postSolution
		{D793B44F-FE5C-4824-9792-09D342FCBD3C}.Debug|Any CPU.ActiveCfg = Debug|Any CPU
		{D793B44F-FE5C-4824-9792-09D342FCBD3C}.Debug|Any CPU.Build.0 = Debug|Any CPU
		{D793B44F-FE5C-4824-9792-09D342FCBD3C}.Release|Any CPU.ActiveCfg = Release|Any CPU
		{D793B44F-FE5C-4824-9792-09D342FCBD3C}.Release|Any CPU.Build.0 = Release|Any CPU
		{46B4EA52-7AA0-4512-A011-2EA008EFAE9A}.Debug|Any CPU.ActiveCfg = Debug|Any CPU
		{46B4EA52-7AA0-4512-A011-2EA008EFAE9A}.Debug|Any CPU.Build.0 = Debug|Any CPU
		{46B4EA52-7AA0-4512-A011-2EA008EFAE9A}.Release|Any CPU.ActiveCfg = Release|Any CPU
		{46B4EA52-7AA0-4512-A011-2EA008EFAE9A}.Release|Any CPU.Build.0 = Release|Any CPU
		{094FF1AB-F170-46FC-A2A5-2D380F746105}.Debug|Any CPU.ActiveCfg = Debug|Any CPU
		{094FF1AB-F170-46FC-A2A5-2D380F746105}.Debug|Any CPU.Build.0 = Debug|Any CPU
		{094FF1AB-F170-46FC-A2A5-2D380F746105}.Release|Any CPU.ActiveCfg = Release|Any CPU
		{094FF1AB-F170-46FC-A2A5-2D380F746105}.Release|Any CPU.Build.0 = Release|Any CPU
		{C3476BC4-62E8-4AE2-92F7-CE3E65458DF1}.Debug|Any CPU.ActiveCfg = Debug|Any CPU
		{C3476BC4-62E8-4AE2-92F7-CE3E65458DF1}.Debug|Any CPU.Build.0 = Debug|Any CPU
		{C3476BC4-62E8-4AE2-92F7-CE3E65458DF1}.Release|Any CPU.ActiveCfg = Release|Any CPU
		{C3476BC4-62E8-4AE2-92F7-CE3E65458DF1}.Release|Any CPU.Build.0 = Release|Any CPU
		{9E267C99-9A7F-4896-9764-AC8FC48A97D0}.Debug|Any CPU.ActiveCfg = Debug|Any CPU
		{9E267C99-9A7F-4896-9764-AC8FC48A97D0}.Debug|Any CPU.Build.0 = Debug|Any CPU
		{9E267C99-9A7F-4896-9764-AC8FC48A97D0}.Release|Any CPU.ActiveCfg = Release|Any CPU
		{9E267C99-9A7F-4896-9764-AC8FC48A97D0}.Release|Any CPU.Build.0 = Release|Any CPU
		{58F071F9-A258-4C4B-B3A3-A231D5DB7D90}.Debug|Any CPU.ActiveCfg = Debug|Any CPU
		{58F071F9-A258-4C4B-B3A3-A231D5DB7D90}.Debug|Any CPU.Build.0 = Debug|Any CPU
		{58F071F9-A258-4C4B-B3A3-A231D5DB7D90}.Release|Any CPU.ActiveCfg = Release|Any CPU
		{58F071F9-A258-4C4B-B3A3-A231D5DB7D90}.Release|Any CPU.Build.0 = Release|Any CPU
		{471962AE-47C3-4C19-8F82-9A5926557537}.Debug|Any CPU.ActiveCfg = Debug|Any CPU
		{471962AE-47C3-4C19-8F82-9A5926557537}.Debug|Any CPU.Build.0 = Debug|Any CPU
		{471962AE-47C3-4C19-8F82-9A5926557537}.Release|Any CPU.ActiveCfg = Release|Any CPU
		{471962AE-47C3-4C19-8F82-9A5926557537}.Release|Any CPU.Build.0 = Release|Any CPU
		{FF8BDB8C-0957-468A-93D7-66E4B51BE907}.Debug|Any CPU.ActiveCfg = Debug|Any CPU
		{FF8BDB8C-0957-468A-93D7-66E4B51BE907}.Debug|Any CPU.Build.0 = Debug|Any CPU
		{FF8BDB8C-0957-468A-93D7-66E4B51BE907}.Release|Any CPU.ActiveCfg = Release|Any CPU
		{FF8BDB8C-0957-468A-93D7-66E4B51BE907}.Release|Any CPU.Build.0 = Release|Any CPU
		{23402033-A2AD-448B-B108-96C229201A24}.Debug|Any CPU.ActiveCfg = Debug|Any CPU
		{23402033-A2AD-448B-B108-96C229201A24}.Debug|Any CPU.Build.0 = Debug|Any CPU
		{23402033-A2AD-448B-B108-96C229201A24}.Release|Any CPU.ActiveCfg = Release|Any CPU
		{23402033-A2AD-448B-B108-96C229201A24}.Release|Any CPU.Build.0 = Release|Any CPU
		{9FAE0AC0-8055-4018-A2C4-7E47D54C87C6}.Debug|Any CPU.ActiveCfg = Debug|Any CPU
		{9FAE0AC0-8055-4018-A2C4-7E47D54C87C6}.Debug|Any CPU.Build.0 = Debug|Any CPU
		{9FAE0AC0-8055-4018-A2C4-7E47D54C87C6}.Release|Any CPU.ActiveCfg = Release|Any CPU
		{9FAE0AC0-8055-4018-A2C4-7E47D54C87C6}.Release|Any CPU.Build.0 = Release|Any CPU
	EndGlobalSection
	GlobalSection(SolutionProperties) = preSolution
		HideSolutionNode = FALSE
	EndGlobalSection
	GlobalSection(NestedProjects) = preSolution
		{6A9950FB-03F6-43EE-9F13-73CB78A38B69} = {D13082AF-EF08-49D6-A716-909D22BFE9CB}
		{C2BA7845-AC5E-4E3A-998D-140561DFF114} = {D13082AF-EF08-49D6-A716-909D22BFE9CB}
		{AD0F2D07-1E17-44B9-B2DB-5CF6779BEE33} = {D13082AF-EF08-49D6-A716-909D22BFE9CB}
		{D287E500-510F-4FD3-8B1E-63DCA500AF45} = {C2BA7845-AC5E-4E3A-998D-140561DFF114}
		{D793B44F-FE5C-4824-9792-09D342FCBD3C} = {D287E500-510F-4FD3-8B1E-63DCA500AF45}
		{B52D5EEA-026A-4FD3-8249-82E7310384C4} = {AD0F2D07-1E17-44B9-B2DB-5CF6779BEE33}
		{46B4EA52-7AA0-4512-A011-2EA008EFAE9A} = {B52D5EEA-026A-4FD3-8249-82E7310384C4}
		{718BC868-CF6E-4049-B58A-E7A0F11C201A} = {6A9950FB-03F6-43EE-9F13-73CB78A38B69}
		{094FF1AB-F170-46FC-A2A5-2D380F746105} = {718BC868-CF6E-4049-B58A-E7A0F11C201A}
		{2022AB63-D390-42E6-85E5-6E5BC50BC3AC} = {C2BA7845-AC5E-4E3A-998D-140561DFF114}
		{C3476BC4-62E8-4AE2-92F7-CE3E65458DF1} = {2022AB63-D390-42E6-85E5-6E5BC50BC3AC}
		{05E795EB-1139-4648-8E89-E5FBF23DF60A} = {C2BA7845-AC5E-4E3A-998D-140561DFF114}
		{9E267C99-9A7F-4896-9764-AC8FC48A97D0} = {05E795EB-1139-4648-8E89-E5FBF23DF60A}
		{4C622135-CF52-49C3-BE0A-4782459FC55E} = {C2BA7845-AC5E-4E3A-998D-140561DFF114}
		{53C69265-0FB4-4C2F-8323-3585F9EB5188} = {C2BA7845-AC5E-4E3A-998D-140561DFF114}
		{58F071F9-A258-4C4B-B3A3-A231D5DB7D90} = {53C69265-0FB4-4C2F-8323-3585F9EB5188}
		{BCF95EDB-59CB-473B-A709-18C9B1D78564} = {C2BA7845-AC5E-4E3A-998D-140561DFF114}
		{471962AE-47C3-4C19-8F82-9A5926557537} = {BCF95EDB-59CB-473B-A709-18C9B1D78564}
		{C3A0A79D-3285-4136-A9E3-B341B48114D3} = {6A9950FB-03F6-43EE-9F13-73CB78A38B69}
		{FF8BDB8C-0957-468A-93D7-66E4B51BE907} = {C3A0A79D-3285-4136-A9E3-B341B48114D3}
		{23402033-A2AD-448B-B108-96C229201A24} = {4C622135-CF52-49C3-BE0A-4782459FC55E}
		{58B58C22-B6DB-4A6D-A315-1558CBA7EFA6} = {6A9950FB-03F6-43EE-9F13-73CB78A38B69}
		{9FAE0AC0-8055-4018-A2C4-7E47D54C87C6} = {58B58C22-B6DB-4A6D-A315-1558CBA7EFA6}
	EndGlobalSection
	GlobalSection(ExtensibilityGlobals) = postSolution
		SolutionGuid = {C58FFCB9-D98E-4FE2-A0B6-2AE4CD888E41}
	EndGlobalSection
EndGlobal
